
Microsoft Visual Studio Solution File, Format Version 11.00
# Visual Studio 2010
Project("{FAE04EC0-301F-11D3-BF4B-00C04F79EFBC}") = "FinalElFinal", "Assembly-CSharp.csproj", "{F6E664C0-2F7B-736B-FB28-D1807C7FBD64}"
EndProject
Project("{FAE04EC0-301F-11D3-BF4B-00C04F79EFBC}") = "FinalElFinal", "Assembly-CSharp-Editor.csproj", "{893603B4-C89C-486D-B675-D7C758E110C7}"
EndProject
Global
	GlobalSection(SolutionConfigurationPlatforms) = preSolution
		Debug|Any CPU = Debug|Any CPU
		Release|Any CPU = Release|Any CPU
	EndGlobalSection
	GlobalSection(ProjectConfigurationPlatforms) = postSolution
		{F6E664C0-2F7B-736B-FB28-D1807C7FBD64}.Debug|Any CPU.ActiveCfg = Debug|Any CPU
		{F6E664C0-2F7B-736B-FB28-D1807C7FBD64}.Debug|Any CPU.Build.0 = Debug|Any CPU
		{F6E664C0-2F7B-736B-FB28-D1807C7FBD64}.Release|Any CPU.ActiveCfg = Release|Any CPU
		{F6E664C0-2F7B-736B-FB28-D1807C7FBD64}.Release|Any CPU.Build.0 = Release|Any CPU
		{893603B4-C89C-486D-B675-D7C758E110C7}.Debug|Any CPU.ActiveCfg = Debug|Any CPU
		{893603B4-C89C-486D-B675-D7C758E110C7}.Debug|Any CPU.Build.0 = Debug|Any CPU
		{893603B4-C89C-486D-B675-D7C758E110C7}.Release|Any CPU.ActiveCfg = Release|Any CPU
		{893603B4-C89C-486D-B675-D7C758E110C7}.Release|Any CPU.Build.0 = Release|Any CPU
	EndGlobalSection
	GlobalSection(SolutionProperties) = preSolution
		HideSolutionNode = FALSE
	EndGlobalSection
	GlobalSection(MonoDevelopProperties) = preSolution
		StartupItem = Assembly-CSharp.csproj
	EndGlobalSection
EndGlobal
